{
  "name": "gatsby-source-jsonapi",
  "version": "1.0.0",
  "lockfileVersion": 1,
  "requires": true,
  "dependencies": {
    "@babel/runtime": {
      "version": "7.2.0",
      "resolved": "https://registry.npmjs.org/@babel/runtime/-/runtime-7.2.0.tgz",
      "integrity": "sha512-oouEibCbHMVdZSDlJBO6bZmID/zA/G/Qx3H1d3rSNPTD+L8UNKvCat7aKWSJ74zYbm5zWGh0GQN0hKj8zYFTCg==",
      "requires": {
        "regenerator-runtime": "^0.12.0"
      }
    },
    "axios": {
      "version": "0.18.0",
      "resolved": "https://registry.npmjs.org/axios/-/axios-0.18.0.tgz",
      "integrity": "sha1-MtU+SFHv3AoRmTts0AB4nXDAUQI=",
      "requires": {
        "follow-redirects": "^1.3.0",
        "is-buffer": "^1.1.5"
      }
    },
    "cross-fetch": {
      "version": "2.2.2",
      "resolved": "https://registry.npmjs.org/cross-fetch/-/cross-fetch-2.2.2.tgz",
      "integrity": "sha1-pH/09/xxLauo9qaVoRyUhEDUVyM=",
      "requires": {
        "node-fetch": "2.1.2",
        "whatwg-fetch": "2.0.4"
      }
    },
    "data-bite": {
      "version": "2.1.0",
      "resolved": "https://registry.npmjs.org/data-bite/-/data-bite-2.1.0.tgz",
      "integrity": "sha512-EESo7J+7vA18CaHJAGAEaqW531fn26hYf0U28z33Bb3liRfRbhqKWBV3VPbTz01Mhe5vDK7SUmdl6Ha1lzlGhA==",
      "requires": {
        "dotenv": "^6.1.0",
        "graphql-request": "^1.8.2",
        "kitsu": "^6.4.0"
      }
    },
    "debug": {
      "version": "3.1.0",
      "resolved": "https://registry.npmjs.org/debug/-/debug-3.1.0.tgz",
      "integrity": "sha512-OX8XqP7/1a9cqkxYw2yXss15f26NKWBpDXQd0/uK/KPqdQhxbPa994hnzjcE2VqQpDslf55723cKPUOGSmMY3g==",
      "requires": {
        "ms": "2.0.0"
      }
    },
    "dotenv": {
      "version": "6.2.0",
      "resolved": "https://registry.npmjs.org/dotenv/-/dotenv-6.2.0.tgz",
      "integrity": "sha512-HygQCKUBSFl8wKQZBSemMywRWcEDNidvNbjGVyZu3nbZ8qq9ubiPoGLMdRDpfSrpkkm9BXYFkpKxxFX38o/76w=="
    },
    "follow-redirects": {
      "version": "1.6.1",
      "resolved": "https://registry.npmjs.org/follow-redirects/-/follow-redirects-1.6.1.tgz",
      "integrity": "sha512-t2JCjbzxQpWvbhts3l6SH1DKzSrx8a+SsaVf4h6bG4kOXUuPYS/kg2Lr4gQSb7eemaHqJkOThF1BGyjlUkO1GQ==",
      "requires": {
        "debug": "=3.1.0"
      }
    },
    "graphql-request": {
      "version": "1.8.2",
      "resolved": "https://registry.npmjs.org/graphql-request/-/graphql-request-1.8.2.tgz",
      "integrity": "sha512-dDX2M+VMsxXFCmUX0Vo0TopIZIX4ggzOtiCsThgtrKR4niiaagsGTDIHj3fsOMFETpa064vzovI+4YV4QnMbcg==",
      "requires": {
        "cross-fetch": "2.2.2"
      }
    },
    "is-buffer": {
      "version": "1.1.6",
      "resolved": "https://registry.npmjs.org/is-buffer/-/is-buffer-1.1.6.tgz",
      "integrity": "sha512-NcdALwpXkTm5Zvvbk7owOUSvVvBKDgKP5/ewfXEznmQFfs4ZRmanOeKBTjRVjka3QFoN6XJ+9F3USqfHqTaU5w=="
    },
    "kitsu": {
      "version": "6.5.1",
      "resolved": "https://registry.npmjs.org/kitsu/-/kitsu-6.5.1.tgz",
      "integrity": "sha512-MCdfPqKHbNM0fgi6uey7bwBH2gIJDiZC29sRgiqHh7CV5FIkr/xirZn7KfQ4X3izMpXrTa7IKVlsXtbxPU71cg==",
      "requires": {
        "@babel/runtime": "^7.0.0",
        "axios": "^0.18.0",
        "kitsu-core": "^6.4.0",
        "pluralize": "^7.0.0"
      }
    },
    "kitsu-core": {
      "version": "6.4.0",
      "resolved": "https://registry.npmjs.org/kitsu-core/-/kitsu-core-6.4.0.tgz",
      "integrity": "sha512-/py9UJ2G1gE2N//RoxzbVvNOT81LcA/qCSeitdU6sBjgMHJw8EmH7oqCQua8/ByfNwsj3nZx9ivm47n1Z5S3/g==",
      "requires": {
        "@babel/runtime": "^7.0.0"
      }
    },
    "ms": {
      "version": "2.0.0",
      "resolved": "https://registry.npmjs.org/ms/-/ms-2.0.0.tgz",
      "integrity": "sha1-VgiurfwAvmwpAd9fmGF4jeDVl8g="
    },
    "node-fetch": {
      "version": "2.1.2",
      "resolved": "https://registry.npmjs.org/node-fetch/-/node-fetch-2.1.2.tgz",
      "integrity": "sha1-q4hOjn5X44qUR1POxwb3iNF2i7U="
    },
    "pluralize": {
      "version": "7.0.0",
      "resolved": "https://registry.npmjs.org/pluralize/-/pluralize-7.0.0.tgz",
      "integrity": "sha512-ARhBOdzS3e41FbkW/XWrTEtukqqLoK5+Z/4UeDaLuSW+39JPeFgs4gCGqsrJHVZX0fUrx//4OF0K1CUGwlIFow=="
    },
    "regenerator-runtime": {
      "version": "0.12.1",
      "resolved": "https://registry.npmjs.org/regenerator-runtime/-/regenerator-runtime-0.12.1.tgz",
      "integrity": "sha512-odxIc1/vDlo4iZcfXqRYFj0vpXFNoGdKMAUieAlFYO6m/nl5e9KR/beGf41z4a1FI+aQgtjhuaSlDxQ0hmkrHg=="
    },
    "whatwg-fetch": {
      "version": "2.0.4",
      "resolved": "http://registry.npmjs.org/whatwg-fetch/-/whatwg-fetch-2.0.4.tgz",
      "integrity": "sha512-dcQ1GWpOD/eEQ97k66aiEVpNnapVj90/+R+SXTPYGHpYBBypfKJEQjLrvMZ7YXbKm21gXd4NcuxUTjiv1YtLng=="
    }
  }
}
